
Microsoft Visual Studio Solution File, Format Version 12.00
# Visual Studio Version 16
VisualStudioVersion = 16.0.29424.173
MinimumVisualStudioVersion = 10.0.40219.1
Project("{9A19103F-16F7-4668-BE54-9A1E7A4F7556}") = "ProyectoEnfermeria", "ProyectoEnfermeria.csproj", "{F87A677D-5B2F-488F-8509-D533B9C395FD}"
EndProject
Global
	GlobalSection(SolutionConfigurationPlatforms) = preSolution
		Debug|Any CPU = Debug|Any CPU
		Release|Any CPU = Release|Any CPU
	EndGlobalSection
	GlobalSection(ProjectConfigurationPlatforms) = postSolution
		{F87A677D-5B2F-488F-8509-D533B9C395FD}.Debug|Any CPU.ActiveCfg = Debug|Any CPU
		{F87A677D-5B2F-488F-8509-D533B9C395FD}.Debug|Any CPU.Build.0 = Debug|Any CPU
		{F87A677D-5B2F-488F-8509-D533B9C395FD}.Release|Any CPU.ActiveCfg = Release|Any CPU
		{F87A677D-5B2F-488F-8509-D533B9C395FD}.Release|Any CPU.Build.0 = Release|Any CPU
	EndGlobalSection
	GlobalSection(SolutionProperties) = preSolution
		HideSolutionNode = FALSE
	EndGlobalSection
	GlobalSection(ExtensibilityGlobals) = postSolution
		SolutionGuid = {A7420F74-6CCC-4F13-AD35-C15407E4967A}
	EndGlobalSection
EndGlobal
